
Microsoft Visual Studio Solution File, Format Version 12.00
# Visual Studio Version 17
VisualStudioVersion = 17.1.32328.378
MinimumVisualStudioVersion = 10.0.40219.1
Project("{FAE04EC0-301F-11D3-BF4B-00C04F79EFBC}") = "Revisao", "Revisao\Revisao.csproj", "{43128CAD-91C8-4EA8-BEB1-3ADE9DD93E91}"
EndProject
Global
	GlobalSection(SolutionConfigurationPlatforms) = preSolution
		Debug|Any CPU = Debug|Any CPU
		Release|Any CPU = Release|Any CPU
	EndGlobalSection
	GlobalSection(ProjectConfigurationPlatforms) = postSolution
		{43128CAD-91C8-4EA8-BEB1-3ADE9DD93E91}.Debug|Any CPU.ActiveCfg = Debug|Any CPU
		{43128CAD-91C8-4EA8-BEB1-3ADE9DD93E91}.Debug|Any CPU.Build.0 = Debug|Any CPU
		{43128CAD-91C8-4EA8-BEB1-3ADE9DD93E91}.Release|Any CPU.ActiveCfg = Release|Any CPU
		{43128CAD-91C8-4EA8-BEB1-3ADE9DD93E91}.Release|Any CPU.Build.0 = Release|Any CPU
	EndGlobalSection
	GlobalSection(SolutionProperties) = preSolution
		HideSolutionNode = FALSE
	EndGlobalSection
	GlobalSection(ExtensibilityGlobals) = postSolution
		SolutionGuid = {956FBBA8-DD75-4AD4-AE38-4443E02F12C5}
	EndGlobalSection
EndGlobal
